
Microsoft Visual Studio Solution File, Format Version 12.00
# Visual Studio Version 17
VisualStudioVersion = 17.9.34728.123
MinimumVisualStudioVersion = 10.0.40219.1
Project("{FAE04EC0-301F-11D3-BF4B-00C04F79EFBC}") = "WebBanAoo", "WebBanAoo.csproj", "{47E31D83-EFC5-4CEE-9D03-D9C4CFD407BE}"
EndProject
Global
	GlobalSection(SolutionConfigurationPlatforms) = preSolution
		Debug|Any CPU = Debug|Any CPU
		Release|Any CPU = Release|Any CPU
	EndGlobalSection
	GlobalSection(ProjectConfigurationPlatforms) = postSolution
		{47E31D83-EFC5-4CEE-9D03-D9C4CFD407BE}.Debug|Any CPU.ActiveCfg = Debug|Any CPU
		{47E31D83-EFC5-4CEE-9D03-D9C4CFD407BE}.Debug|Any CPU.Build.0 = Debug|Any CPU
		{47E31D83-EFC5-4CEE-9D03-D9C4CFD407BE}.Release|Any CPU.ActiveCfg = Release|Any CPU
		{47E31D83-EFC5-4CEE-9D03-D9C4CFD407BE}.Release|Any CPU.Build.0 = Release|Any CPU
	EndGlobalSection
	GlobalSection(SolutionProperties) = preSolution
		HideSolutionNode = FALSE
	EndGlobalSection
	GlobalSection(ExtensibilityGlobals) = postSolution
		SolutionGuid = {3C73FD9E-8EB2-4C51-A518-CD831DE273B3}
	EndGlobalSection
EndGlobal
